// !$*UTF8*$!
{
	archiveVersion = 1;
	classes = {
	};
	objectVersion = 50;
	objects = {

/* Begin PBXBuildFile section */
		F032C73D23826E8300745564 /* AppDelegate.swift in Sources */ = {isa = PBXBuildFile; fileRef = F032C73C23826E8300745564 /* AppDelegate.swift */; };
		F032C73F23826E8300745564 /* SceneDelegate.swift in Sources */ = {isa = PBXBuildFile; fileRef = F032C73E23826E8300745564 /* SceneDelegate.swift */; };
		F032C74123826E8300745564 /* ViewController.swift in Sources */ = {isa = PBXBuildFile; fileRef = F032C74023826E8300745564 /* ViewController.swift */; };
		F032C74423826E8300745564 /* Main.storyboard in Resources */ = {isa = PBXBuildFile; fileRef = F032C74223826E8300745564 /* Main.storyboard */; };
		F032C74723826E8300745564 /* Calc.xcdatamodeld in Sources */ = {isa = PBXBuildFile; fileRef = F032C74523826E8300745564 /* Calc.xcdatamodeld */; };
		F032C74923826E8800745564 /* Assets.xcassets in Resources */ = {isa = PBXBuildFile; fileRef = F032C74823826E8800745564 /* Assets.xcassets */; };
		F032C74C23826E8800745564 /* LaunchScreen.storyboard in Resources */ = {isa = PBXBuildFile; fileRef = F032C74A23826E8800745564 /* LaunchScreen.storyboard */; };
		F032C75723826E8800745564 /* CalcTests.swift in Sources */ = {isa = PBXBuildFile; fileRef = F032C75623826E8800745564 /* CalcTests.swift */; };
		F032C76223826E8800745564 /* CalcUITests.swift in Sources */ = {isa = PBXBuildFile; fileRef = F032C76123826E8800745564 /* CalcUITests.swift */; };
		F032C7722382701200745564 /* CollectionViewCell.swift in Sources */ = {isa = PBXBuildFile; fileRef = F032C7712382701200745564 /* CollectionViewCell.swift */; };
/* End PBXBuildFile section */

/* Begin PBXContainerItemProxy section */
		F032C75323826E8800745564 /* PBXContainerItemProxy */ = {
			isa = PBXContainerItemProxy;
			containerPortal = F032C73123826E8300745564 /* Project object */;
			proxyType = 1;
			remoteGlobalIDString = F032C73823826E8300745564;
			remoteInfo = Calc;
		};
		F032C75E23826E8800745564 /* PBXContainerItemProxy */ = {
			isa = PBXContainerItemProxy;
			containerPortal = F032C73123826E8300745564 /* Project object */;
			proxyType = 1;
			remoteGlobalIDString = F032C73823826E8300745564;
			remoteInfo = Calc;
		};
/* End PBXContainerItemProxy section */

/* Begin PBXFileReference section */
		F032C73923826E8300745564 /* Calc.app */ = {isa = PBXFileReference; explicitFileType = wrapper.application; includeInIndex = 0; path = Calc.app; sourceTree = BUILT_PRODUCTS_DIR; };
		F032C73C23826E8300745564 /* AppDelegate.swift */ = {isa = PBXFileReference; lastKnownFileType = sourcecode.swift; path = AppDelegate.swift; sourceTree = "<group>"; };
		F032C73E23826E8300745564 /* SceneDelegate.swift */ = {isa = PBXFileReference; lastKnownFileType = sourcecode.swift; path = SceneDelegate.swift; sourceTree = "<group>"; };
		F032C74023826E8300745564 /* ViewController.swift */ = {isa = PBXFileReference; lastKnownFileType = sourcecode.swift; path = ViewController.swift; sourceTree = "<group>"; };
		F032C74323826E8300745564 /* Base */ = {isa = PBXFileReference; lastKnownFileType = file.storyboard; name = Base; path = Base.lproj/Main.storyboard; sourceTree = "<group>"; };
		F032C74623826E8300745564 /* Calc.xcdatamodel */ = {isa = PBXFileReference; lastKnownFileType = wrapper.xcdatamodel; path = Calc.xcdatamodel; sourceTree = "<group>"; };
		F032C74823826E8800745564 /* Assets.xcassets */ = {isa = PBXFileReference; lastKnownFileType = folder.assetcatalog; path = Assets.xcassets; sourceTree = "<group>"; };
		F032C74B23826E8800745564 /* Base */ = {isa = PBXFileReference; lastKnownFileType = file.storyboard; name = Base; path = Base.lproj/LaunchScreen.storyboard; sourceTree = "<group>"; };
		F032C74D23826E8800745564 /* Info.plist */ = {isa = PBXFileReference; lastKnownFileType = text.plist.xml; path = Info.plist; sourceTree = "<group>"; };
		F032C75223826E8800745564 /* CalcTests.xctest */ = {isa = PBXFileReference; explicitFileType = wrapper.cfbundle; includeInIndex = 0; path = CalcTests.xctest; sourceTree = BUILT_PRODUCTS_DIR; };
		F032C75623826E8800745564 /* CalcTests.swift */ = {isa = PBXFileReference; lastKnownFileType = sourcecode.swift; path = CalcTests.swift; sourceTree = "<group>"; };
		F032C75823826E8800745564 /* Info.plist */ = {isa = PBXFileReference; lastKnownFileType = text.plist.xml; path = Info.plist; sourceTree = "<group>"; };
		F032C75D23826E8800745564 /* CalcUITests.xctest */ = {isa = PBXFileReference; explicitFileType = wrapper.cfbundle; includeInIndex = 0; path = CalcUITests.xctest; sourceTree = BUILT_PRODUCTS_DIR; };
		F032C76123826E8800745564 /* CalcUITests.swift */ = {isa = PBXFileReference; lastKnownFileType = sourcecode.swift; path = CalcUITests.swift; sourceTree = "<group>"; };
		F032C76323826E8800745564 /* Info.plist */ = {isa = PBXFileReference; lastKnownFileType = text.plist.xml; path = Info.plist; sourceTree = "<group>"; };
		F032C7712382701200745564 /* CollectionViewCell.swift */ = {isa = PBXFileReference; lastKnownFileType = sourcecode.swift; path = CollectionViewCell.swift; sourceTree = "<group>"; };
/* End PBXFileReference section */

/* Begin PBXFrameworksBuildPhase section */
		F032C73623826E8300745564 /* Frameworks */ = {
			isa = PBXFrameworksBuildPhase;
			buildActionMask = 2147483647;
			files = (
			);
			runOnlyForDeploymentPostprocessing = 0;
		};
		F032C74F23826E8800745564 /* Frameworks */ = {
			isa = PBXFrameworksBuildPhase;
			buildActionMask = 2147483647;
			files = (
			);
			runOnlyForDeploymentPostprocessing = 0;
		};
		F032C75A23826E8800745564 /* Frameworks */ = {
			isa = PBXFrameworksBuildPhase;
			buildActionMask = 2147483647;
			files = (
			);
			runOnlyForDeploymentPostprocessing = 0;
		};
/* End PBXFrameworksBuildPhase section */

/* Begin PBXGroup section */
		F032C73023826E8300745564 = {
			isa = PBXGroup;
			children = (
				F032C73B23826E8300745564 /* Calc */,
				F032C75523826E8800745564 /* CalcTests */,
				F032C76023826E8800745564 /* CalcUITests */,
				F032C73A23826E8300745564 /* Products */,
			);
			sourceTree = "<group>";
		};
		F032C73A23826E8300745564 /* Products */ = {
			isa = PBXGroup;
			children = (
				F032C73923826E8300745564 /* Calc.app */,
				F032C75223826E8800745564 /* CalcTests.xctest */,
				F032C75D23826E8800745564 /* CalcUITests.xctest */,
			);
			name = Products;
			sourceTree = "<group>";
		};
		F032C73B23826E8300745564 /* Calc */ = {
			isa = PBXGroup;
			children = (
				F032C73C23826E8300745564 /* AppDelegate.swift */,
				F032C73E23826E8300745564 /* SceneDelegate.swift */,
				F032C74023826E8300745564 /* ViewController.swift */,
				F032C74223826E8300745564 /* Main.storyboard */,
				F032C7712382701200745564 /* CollectionViewCell.swift */,
				F032C74823826E8800745564 /* Assets.xcassets */,
				F032C74A23826E8800745564 /* LaunchScreen.storyboard */,
				F032C74D23826E8800745564 /* Info.plist */,
				F032C74523826E8300745564 /* Calc.xcdatamodeld */,
			);
			path = Calc;
			sourceTree = "<group>";
		};
		F032C75523826E8800745564 /* CalcTests */ = {
			isa = PBXGroup;
			children = (
				F032C75623826E8800745564 /* CalcTests.swift */,
				F032C75823826E8800745564 /* Info.plist */,
			);
			path = CalcTests;
			sourceTree = "<group>";
		};
		F032C76023826E8800745564 /* CalcUITests */ = {
			isa = PBXGroup;
			children = (
				F032C76123826E8800745564 /* CalcUITests.swift */,
				F032C76323826E8800745564 /* Info.plist */,
			);
			path = CalcUITests;
			sourceTree = "<group>";
		};
/* End PBXGroup section */

/* Begin PBXNativeTarget section */
		F032C73823826E8300745564 /* Calc */ = {
			isa = PBXNativeTarget;
			buildConfigurationList = F032C76623826E8800745564 /* Build configuration list for PBXNativeTarget "Calc" */;
			buildPhases = (
				F032C73523826E8300745564 /* Sources */,
				F032C73623826E8300745564 /* Frameworks */,
				F032C73723826E8300745564 /* Resources */,
			);
			buildRules = (
			);
			dependencies = (
			);
			name = Calc;
			productName = Calc;
			productReference = F032C73923826E8300745564 /* Calc.app */;
			productType = "com.apple.product-type.application";
		};
		F032C75123826E8800745564 /* CalcTests */ = {
			isa = PBXNativeTarget;
			buildConfigurationList = F032C76923826E8800745564 /* Build configuration list for PBXNativeTarget "CalcTests" */;
			buildPhases = (
				F032C74E23826E8800745564 /* Sources */,
				F032C74F23826E8800745564 /* Frameworks */,
				F032C75023826E8800745564 /* Resources */,
			);
			buildRules = (
			);
			dependencies = (
				F032C75423826E8800745564 /* PBXTargetDependency */,
			);
			name = CalcTests;
			productName = CalcTests;
			productReference = F032C75223826E8800745564 /* CalcTests.xctest */;
			productType = "com.apple.product-type.bundle.unit-test";
		};
		F032C75C23826E8800745564 /* CalcUITests */ = {
			isa = PBXNativeTarget;
			buildConfigurationList = F032C76C23826E8800745564 /* Build configuration list for PBXNativeTarget "CalcUITests" */;
			buildPhases = (
				F032C75923826E8800745564 /* Sources */,
				F032C75A23826E8800745564 /* Frameworks */,
				F032C75B23826E8800745564 /* Resources */,
			);
			buildRules = (
			);
			dependencies = (
				F032C75F23826E8800745564 /* PBXTargetDependency */,
			);
			name = CalcUITests;
			productName = CalcUITests;
			productReference = F032C75D23826E8800745564 /* CalcUITests.xctest */;
			productType = "com.apple.product-type.bundle.ui-testing";
		};
/* End PBXNativeTarget section */

/* Begin PBXProject section */
		F032C73123826E8300745564 /* Project object */ = {
			isa = PBXProject;
			attributes = {
				LastSwiftUpdateCheck = 1120;
				LastUpgradeCheck = 1120;
				ORGANIZATIONNAME = "HT-19R1108";
				TargetAttributes = {
					F032C73823826E8300745564 = {
						CreatedOnToolsVersion = 11.2;
					};
					F032C75123826E8800745564 = {
						CreatedOnToolsVersion = 11.2;
						TestTargetID = F032C73823826E8300745564;
					};
					F032C75C23826E8800745564 = {
						CreatedOnToolsVersion = 11.2;
						TestTargetID = F032C73823826E8300745564;
					};
				};
			};
			buildConfigurationList = F032C73423826E8300745564 /* Build configuration list for PBXProject "Calc" */;
			compatibilityVersion = "Xcode 9.3";
			developmentRegion = en;
			hasScannedForEncodings = 0;
			knownRegions = (
				en,
				Base,
			);
			mainGroup = F032C73023826E8300745564;
			productRefGroup = F032C73A23826E8300745564 /* Products */;
			projectDirPath = "";
			projectRoot = "";
			targets = (
				F032C73823826E8300745564 /* Calc */,
				F032C75123826E8800745564 /* CalcTests */,
				F032C75C23826E8800745564 /* CalcUITests */,
			);
		};
/* End PBXProject section */

/* Begin PBXResourcesBuildPhase section */
		F032C73723826E8300745564 /* Resources */ = {
			isa = PBXResourcesBuildPhase;
			buildActionMask = 2147483647;
			files = (
				F032C74C23826E8800745564 /* LaunchScreen.storyboard in Resources */,
				F032C74923826E8800745564 /* Assets.xcassets in Resources */,
				F032C74423826E8300745564 /* Main.storyboard in Resources */,
			);
			runOnlyForDeploymentPostprocessing = 0;
		};
		F032C75023826E8800745564 /* Resources */ = {
			isa = PBXResourcesBuildPhase;
			buildActionMask = 2147483647;
			files = (
			);
			runOnlyForDeploymentPostprocessing = 0;
		};
		F032C75B23826E8800745564 /* Resources */ = {
			isa = PBXResourcesBuildPhase;
			buildActionMask = 2147483647;
			files = (
			);
			runOnlyForDeploymentPostprocessing = 0;
		};
/* End PBXResourcesBuildPhase section */

/* Begin PBXSourcesBuildPhase section */
		F032C73523826E8300745564 /* Sources */ = {
			isa = PBXSourcesBuildPhase;
			buildActionMask = 2147483647;
			files = (
				F032C74723826E8300745564 /* Calc.xcdatamodeld in Sources */,
				F032C74123826E8300745564 /* ViewController.swift in Sources */,
				F032C7722382701200745564 /* CollectionViewCell.swift in Sources */,
				F032C73D23826E8300745564 /* AppDelegate.swift in Sources */,
				F032C73F23826E8300745564 /* SceneDelegate.swift in Sources */,
			);
			runOnlyForDeploymentPostprocessing = 0;
		};
		F032C74E23826E8800745564 /* Sources */ = {
			isa = PBXSourcesBuildPhase;
			buildActionMask = 2147483647;
			files = (
				F032C75723826E8800745564 /* CalcTests.swift in Sources */,
			);
			runOnlyForDeploymentPostprocessing = 0;
		};
		F032C75923826E8800745564 /* Sources */ = {
			isa = PBXSourcesBuildPhase;
			buildActionMask = 2147483647;
			files = (
				F032C76223826E8800745564 /* CalcUITests.swift in Sources */,
			);
			runOnlyForDeploymentPostprocessing = 0;
		};
/* End PBXSourcesBuildPhase section */

/* Begin PBXTargetDependency section */
		F032C75423826E8800745564 /* PBXTargetDependency */ = {
			isa = PBXTargetDependency;
			target = F032C73823826E8300745564 /* Calc */;
			targetProxy = F032C75323826E8800745564 /* PBXContainerItemProxy */;
		};
		F032C75F23826E8800745564 /* PBXTargetDependency */ = {
			isa = PBXTargetDependency;
			target = F032C73823826E8300745564 /* Calc */;
			targetProxy = F032C75E23826E8800745564 /* PBXContainerItemProxy */;
		};
/* End PBXTargetDependency section */

/* Begin PBXVariantGroup section */
		F032C74223826E8300745564 /* Main.storyboard */ = {
			isa = PBXVariantGroup;
			children = (
				F032C74323826E8300745564 /* Base */,
			);
			name = Main.storyboard;
			sourceTree = "<group>";
		};
		F032C74A23826E8800745564 /* LaunchScreen.storyboard */ = {
			isa = PBXVariantGroup;
			children = (
				F032C74B23826E8800745564 /* Base */,
			);
			name = LaunchScreen.storyboard;
			sourceTree = "<group>";
		};
/* End PBXVariantGroup section */

/* Begin XCBuildConfiguration section */
		F032C76423826E8800745564 /* Debug */ = {
			isa = XCBuildConfiguration;
			buildSettings = {
				ALWAYS_SEARCH_USER_PATHS = NO;
				CLANG_ANALYZER_NONNULL = YES;
				CLANG_ANALYZER_NUMBER_OBJECT_CONVERSION = YES_AGGRESSIVE;
				CLANG_CXX_LANGUAGE_STANDARD = "gnu++14";
				CLANG_CXX_LIBRARY = "libc++";
				CLANG_ENABLE_MODULES = YES;
				CLANG_ENABLE_OBJC_ARC = YES;
				CLANG_ENABLE_OBJC_WEAK = YES;
				CLANG_WARN_BLOCK_CAPTURE_AUTORELEASING = YES;
				CLANG_WARN_BOOL_CONVERSION = YES;
				CLANG_WARN_COMMA = YES;
				CLANG_WARN_CONSTANT_CONVERSION = YES;
				CLANG_WARN_DEPRECATED_OBJC_IMPLEMENTATIONS = YES;
				CLANG_WARN_DIRECT_OBJC_ISA_USAGE = YES_ERROR;
				CLANG_WARN_DOCUMENTATION_COMMENTS = YES;
				CLANG_WARN_EMPTY_BODY = YES;
				CLANG_WARN_ENUM_CONVERSION = YES;
				CLANG_WARN_INFINITE_RECURSION = YES;
				CLANG_WARN_INT_CONVERSION = YES;
				CLANG_WARN_NON_LITERAL_NULL_CONVERSION = YES;
				CLANG_WARN_OBJC_IMPLICIT_RETAIN_SELF = YES;
				CLANG_WARN_OBJC_LITERAL_CONVERSION = YES;
				CLANG_WARN_OBJC_ROOT_CLASS = YES_ERROR;
				CLANG_WARN_RANGE_LOOP_ANALYSIS = YES;
				CLANG_WARN_STRICT_PROTOTYPES = YES;
				CLANG_WARN_SUSPICIOUS_MOVE = YES;
				CLANG_WARN_UNGUARDED_AVAILABILITY = YES_AGGRESSIVE;
				CLANG_WARN_UNREACHABLE_CODE = YES;
				CLANG_WARN__DUPLICATE_METHOD_MATCH = YES;
				COPY_PHASE_STRIP = NO;
				DEBUG_INFORMATION_FORMAT = dwarf;
				ENABLE_STRICT_OBJC_MSGSEND = YES;
				ENABLE_TESTABILITY = YES;
				GCC_C_LANGUAGE_STANDARD = gnu11;
				GCC_DYNAMIC_NO_PIC = NO;
				GCC_NO_COMMON_BLOCKS = YES;
				GCC_OPTIMIZATION_LEVEL = 0;
				GCC_PREPROCESSOR_DEFINITIONS = (
					"DEBUG=1",
					"$(inherited)",
				);
				GCC_WARN_64_TO_32_BIT_CONVERSION = YES;
				GCC_WARN_ABOUT_RETURN_TYPE = YES_ERROR;
				GCC_WARN_UNDECLARED_SELECTOR = YES;
				GCC_WARN_UNINITIALIZED_AUTOS = YES_AGGRESSIVE;
				GCC_WARN_UNUSED_FUNCTION = YES;
				GCC_WARN_UNUSED_VARIABLE = YES;
				IPHONEOS_DEPLOYMENT_TARGET = 13.2;
				MTL_ENABLE_DEBUG_INFO = INCLUDE_SOURCE;
				MTL_FAST_MATH = YES;
				ONLY_ACTIVE_ARCH = YES;
				SDKROOT = iphoneos;
				SWIFT_ACTIVE_COMPILATION_CONDITIONS = DEBUG;
				SWIFT_OPTIMIZATION_LEVEL = "-Onone";
			};
			name = Debug;
		};
		F032C76523826E8800745564 /* Release */ = {
			isa = XCBuildConfiguration;
			buildSettings = {
				ALWAYS_SEARCH_USER_PATHS = NO;
				CLANG_ANALYZER_NONNULL = YES;
				CLANG_ANALYZER_NUMBER_OBJECT_CONVERSION = YES_AGGRESSIVE;
				CLANG_CXX_LANGUAGE_STANDARD = "gnu++14";
				CLANG_CXX_LIBRARY = "libc++";
				CLANG_ENABLE_MODULES = YES;
				CLANG_ENABLE_OBJC_ARC = YES;
				CLANG_ENABLE_OBJC_WEAK = YES;
				CLANG_WARN_BLOCK_CAPTURE_AUTORELEASING = YES;
				CLANG_WARN_BOOL_CONVERSION = YES;
				CLANG_WARN_COMMA = YES;
				CLANG_WARN_CONSTANT_CONVERSION = YES;
				CLANG_WARN_DEPRECATED_OBJC_IMPLEMENTATIONS = YES;
				CLANG_WARN_DIRECT_OBJC_ISA_USAGE = YES_ERROR;
				CLANG_WARN_DOCUMENTATION_COMMENTS = YES;
				CLANG_WARN_EMPTY_BODY = YES;
				CLANG_WARN_ENUM_CONVERSION = YES;
				CLANG_WARN_INFINITE_RECURSION = YES;
				CLANG_WARN_INT_CONVERSION = YES;
				CLANG_WARN_NON_LITERAL_NULL_CONVERSION = YES;
				CLANG_WARN_OBJC_IMPLICIT_RETAIN_SELF = YES;
				CLANG_WARN_OBJC_LITERAL_CONVERSION = YES;
				CLANG_WARN_OBJC_ROOT_CLASS = YES_ERROR;
				CLANG_WARN_RANGE_LOOP_ANALYSIS = YES;
				CLANG_WARN_STRICT_PROTOTYPES = YES;
				CLANG_WARN_SUSPICIOUS_MOVE = YES;
				CLANG_WARN_UNGUARDED_AVAILABILITY = YES_AGGRESSIVE;
				CLANG_WARN_UNREACHABLE_CODE = YES;
				CLANG_WARN__DUPLICATE_METHOD_MATCH = YES;
				COPY_PHASE_STRIP = NO;
				DEBUG_INFORMATION_FORMAT = "dwarf-with-dsym";
				ENABLE_NS_ASSERTIONS = NO;
				ENABLE_STRICT_OBJC_MSGSEND = YES;
				GCC_C_LANGUAGE_STANDARD = gnu11;
				GCC_NO_COMMON_BLOCKS = YES;
				GCC_WARN_64_TO_32_BIT_CONVERSION = YES;
				GCC_WARN_ABOUT_RETURN_TYPE = YES_ERROR;
				GCC_WARN_UNDECLARED_SELECTOR = YES;
				GCC_WARN_UNINITIALIZED_AUTOS = YES_AGGRESSIVE;
				GCC_WARN_UNUSED_FUNCTION = YES;
				GCC_WARN_UNUSED_VARIABLE = YES;
				IPHONEOS_DEPLOYMENT_TARGET = 13.2;
				MTL_ENABLE_DEBUG_INFO = NO;
				MTL_FAST_MATH = YES;
				SDKROOT = iphoneos;
				SWIFT_COMPILATION_MODE = wholemodule;
				SWIFT_OPTIMIZATION_LEVEL = "-O";
				VALIDATE_PRODUCT = YES;
			};
			name = Release;
		};
		F032C76723826E8800745564 /* Debug */ = {
			isa = XCBuildConfiguration;
			buildSettings = {
				ASSETCATALOG_COMPILER_APPICON_NAME = AppIcon;
				CODE_SIGN_STYLE = Automatic;
				DEVELOPMENT_TEAM = ADA5A56ZF4;
				INFOPLIST_FILE = Calc/Info.plist;
				LD_RUNPATH_SEARCH_PATHS = (
					"$(inherited)",
					"@executable_path/Frameworks",
				);
				PRODUCT_BUNDLE_IDENTIFIER = jp.papaymango.Calc;
				PRODUCT_NAME = "$(TARGET_NAME)";
				SWIFT_VERSION = 5.0;
				TARGETED_DEVICE_FAMILY = "1,2";
			};
			name = Debug;
		};
		F032C76823826E8800745564 /* Release */ = {
			isa = XCBuildConfiguration;
			buildSettings = {
				ASSETCATALOG_COMPILER_APPICON_NAME = AppIcon;
				CODE_SIGN_STYLE = Automatic;
				DEVELOPMENT_TEAM = ADA5A56ZF4;
				INFOPLIST_FILE = Calc/Info.plist;
				LD_RUNPATH_SEARCH_PATHS = (
					"$(inherited)",
					"@executable_path/Frameworks",
				);
				PRODUCT_BUNDLE_IDENTIFIER = jp.papaymango.Calc;
				PRODUCT_NAME = "$(TARGET_NAME)";
				SWIFT_VERSION = 5.0;
				TARGETED_DEVICE_FAMILY = "1,2";
			};
			name = Release;
		};
		F032C76A23826E8800745564 /* Debug */ = {
			isa = XCBuildConfiguration;
			buildSettings = {
				ALWAYS_EMBED_SWIFT_STANDARD_LIBRARIES = YES;
				BUNDLE_LOADER = "$(TEST_HOST)";
				CODE_SIGN_STYLE = Automatic;
				DEVELOPMENT_TEAM = ADA5A56ZF4;
				INFOPLIST_FILE = CalcTests/Info.plist;
				IPHONEOS_DEPLOYMENT_TARGET = 13.2;
				LD_RUNPATH_SEARCH_PATHS = (
					"$(inherited)",
					"@executable_path/Frameworks",
					"@loader_path/Frameworks",
				);
				PRODUCT_BUNDLE_IDENTIFIER = jp.papaymango.CalcTests;
				PRODUCT_NAME = "$(TARGET_NAME)";
				SWIFT_VERSION = 5.0;
				TARGETED_DEVICE_FAMILY = "1,2";
				TEST_HOST = "$(BUILT_PRODUCTS_DIR)/Calc.app/Calc";
			};
			name = Debug;
		};
		F032C76B23826E8800745564 /* Release */ = {
			isa = XCBuildConfiguration;
			buildSettings = {
				ALWAYS_EMBED_SWIFT_STANDARD_LIBRARIES = YES;
				BUNDLE_LOADER = "$(TEST_HOST)";
				CODE_SIGN_STYLE = Automatic;
				DEVELOPMENT_TEAM = ADA5A56ZF4;
				INFOPLIST_FILE = CalcTests/Info.plist;
				IPHONEOS_DEPLOYMENT_TARGET = 13.2;
				LD_RUNPATH_SEARCH_PATHS = (
					"$(inherited)",
					"@executable_path/Frameworks",
					"@loader_path/Frameworks",
				);
				PRODUCT_BUNDLE_IDENTIFIER = jp.papaymango.CalcTests;
				PRODUCT_NAME = "$(TARGET_NAME)";
				SWIFT_VERSION = 5.0;
				TARGETED_DEVICE_FAMILY = "1,2";
				TEST_HOST = "$(BUILT_PRODUCTS_DIR)/Calc.app/Calc";
			};
			name = Release;
		};
		F032C76D23826E8800745564 /* Debug */ = {
			isa = XCBuildConfiguration;
			buildSettings = {
				ALWAYS_EMBED_SWIFT_STANDARD_LIBRARIES = YES;
				CODE_SIGN_STYLE = Automatic;
				DEVELOPMENT_TEAM = ADA5A56ZF4;
				INFOPLIST_FILE = CalcUITests/Info.plist;
				LD_RUNPATH_SEARCH_PATHS = (
					"$(inherited)",
					"@executable_path/Frameworks",
					"@loader_path/Frameworks",
				);
				PRODUCT_BUNDLE_IDENTIFIER = jp.papaymango.CalcUITests;
				PRODUCT_NAME = "$(TARGET_NAME)";
				SWIFT_VERSION = 5.0;
				TARGETED_DEVICE_FAMILY = "1,2";
				TEST_TARGET_NAME = Calc;
			};
			name = Debug;
		};
		F032C76E23826E8800745564 /* Release */ = {
			isa = XCBuildConfiguration;
			buildSettings = {
				ALWAYS_EMBED_SWIFT_STANDARD_LIBRARIES = YES;
				CODE_SIGN_STYLE = Automatic;
				DEVELOPMENT_TEAM = ADA5A56ZF4;
				INFOPLIST_FILE = CalcUITests/Info.plist;
				LD_RUNPATH_SEARCH_PATHS = (
					"$(inherited)",
					"@executable_path/Frameworks",
					"@loader_path/Frameworks",
				);
				PRODUCT_BUNDLE_IDENTIFIER = jp.papaymango.CalcUITests;
				PRODUCT_NAME = "$(TARGET_NAME)";
				SWIFT_VERSION = 5.0;
				TARGETED_DEVICE_FAMILY = "1,2";
				TEST_TARGET_NAME = Calc;
			};
			name = Release;
		};
/* End XCBuildConfiguration section */

/* Begin XCConfigurationList section */
		F032C73423826E8300745564 /* Build configuration list for PBXProject "Calc" */ = {
			isa = XCConfigurationList;
			buildConfigurations = (
				F032C76423826E8800745564 /* Debug */,
				F032C76523826E8800745564 /* Release */,
			);
			defaultConfigurationIsVisible = 0;
			defaultConfigurationName = Release;
		};
		F032C76623826E8800745564 /* Build configuration list for PBXNativeTarget "Calc" */ = {
			isa = XCConfigurationList;
			buildConfigurations = (
				F032C76723826E8800745564 /* Debug */,
				F032C76823826E8800745564 /* Release */,
			);
			defaultConfigurationIsVisible = 0;
			defaultConfigurationName = Release;
		};
		F032C76923826E8800745564 /* Build configuration list for PBXNativeTarget "CalcTests" */ = {
			isa = XCConfigurationList;
			buildConfigurations = (
				F032C76A23826E8800745564 /* Debug */,
				F032C76B23826E8800745564 /* Release */,
			);
			defaultConfigurationIsVisible = 0;
			defaultConfigurationName = Release;
		};
		F032C76C23826E8800745564 /* Build configuration list for PBXNativeTarget "CalcUITests" */ = {
			isa = XCConfigurationList;
			buildConfigurations = (
				F032C76D23826E8800745564 /* Debug */,
				F032C76E23826E8800745564 /* Release */,
			);
			defaultConfigurationIsVisible = 0;
			defaultConfigurationName = Release;
		};
/* End XCConfigurationList section */

/* Begin XCVersionGroup section */
		F032C74523826E8300745564 /* Calc.xcdatamodeld */ = {
			isa = XCVersionGroup;
			children = (
				F032C74623826E8300745564 /* Calc.xcdatamodel */,
			);
			currentVersion = F032C74623826E8300745564 /* Calc.xcdatamodel */;
			path = Calc.xcdatamodeld;
			sourceTree = "<group>";
			versionGroupType = wrapper.xcdatamodel;
		};
/* End XCVersionGroup section */
	};
	rootObject = F032C73123826E8300745564 /* Project object */;
}
